{
  "name": "ops",
  "version": "0.0.0",
  "lockfileVersion": 3,
  "requires": true,
  "packages": {
    "": {
      "name": "ops",
      "version": "0.0.0",
      "devDependencies": {
        "@ingeniomaps/cauce": "0.99.1"
      }
    },
    "node_modules/@ingeniomaps/cauce": {
      "version": "0.99.1",
      "resolved": "https://registry.npmjs.org/@ingeniomaps/cauce/-/cauce-0.99.1.tgz",
      "integrity": "sha512-dmszIZLRJwmFx/f+h0wW8tyIu5+rNWzlFKliFUS3u5dfCZ2fXg014owA+fKaJCm4cc7cGj0fwoJNQ6dCPA1hUQ==",
      "dev": true,
      "license": "MIT",
      "bin": {
        "cauce": "engine/cli/ops.js"
      },
      "engines": {
        "node": ">=24"
      }
    }
  }
}
