{
  "name": "ops",
  "version": "0.0.0",
  "lockfileVersion": 3,
  "requires": true,
  "packages": {
    "": {
      "name": "ops",
      "version": "0.0.0",
      "devDependencies": {
        "@ingeniomaps/cauce": "0.97.0"
      }
    },
    "node_modules/@ingeniomaps/cauce": {
      "version": "0.97.0",
      "resolved": "https://registry.npmjs.org/@ingeniomaps/cauce/-/cauce-0.97.0.tgz",
      "integrity": "sha512-MtRVPVuuzkDl0eaucPDPvLIIQvknPDedppg2c0X8f+iHbRIYNoURv8l2QSjj3VXQUQq36DkCT7O3CaDtctL//w==",
      "dev": true,
      "license": "MIT",
      "bin": {
        "cauce": "engine/cli/ops.js"
      },
      "engines": {
        "node": ">=24"
      }
    }
  }
}
